github.com/go-sql-driver/mysql v1.4.1 h1:g24URVg0OFbNUTx9qqY1IRZ9D9z3iPyi5zKhQZpNwpA=
github.com/go-sql-driver/mysql v1.4.1/go.mod h1:zAC/RDZ24gD3HViQzih4MyKcchzm+sOG5ZlKdlhCg5w=
github.com/zshorz/Bubbles v0.0.0-20191118050058-34289ee86b6a h1:RsTuJHONWPgXHsYtcz0KkzigyHfL4ly8Du7H29dQA8U=
github.com/zshorz/Bubbles v0.0.0-20191118050058-34289ee86b6a/go.mod h1:g0yQqqly6nMDUrPuYuvyIapBG0leOI3PcgcelbLXYWY=
